// !$*UTF8*$!
{
	archiveVersion = 1;
	classes = {
	};
	objectVersion = 52;
	objects = {

/* Begin PBXBuildFile section */
		0C16880C2474FBCE0087B51E /* MainPageVC_3.swift in Sources */ = {isa = PBXBuildFile; fileRef = 0C16880B2474FBCE0087B51E /* MainPageVC_3.swift */; };
		0C304DFE24750F2400F6CAEA /* MainPageVC_2.swift in Sources */ = {isa = PBXBuildFile; fileRef = 0C304DFD24750F2400F6CAEA /* MainPageVC_2.swift */; };
		0C7113B32462F024006CC853 /* LogoutVC.swift in Sources */ = {isa = PBXBuildFile; fileRef = 0C7113B22462F024006CC853 /* LogoutVC.swift */; };
		0C8F35DD243366C500D55F2E /* AppDelegate.swift in Sources */ = {isa = PBXBuildFile; fileRef = 0C8F35DC243366C500D55F2E /* AppDelegate.swift */; };
		0C8F35DF243366C500D55F2E /* SceneDelegate.swift in Sources */ = {isa = PBXBuildFile; fileRef = 0C8F35DE243366C500D55F2E /* SceneDelegate.swift */; };
		0C8F35E4243366C500D55F2E /* Main.storyboard in Resources */ = {isa = PBXBuildFile; fileRef = 0C8F35E2243366C500D55F2E /* Main.storyboard */; };
		0C8F35E6243366CA00D55F2E /* Assets.xcassets in Resources */ = {isa = PBXBuildFile; fileRef = 0C8F35E5243366CA00D55F2E /* Assets.xcassets */; };
		0C8F35E9243366CA00D55F2E /* LaunchScreen.storyboard in Resources */ = {isa = PBXBuildFile; fileRef = 0C8F35E7243366CA00D55F2E /* LaunchScreen.storyboard */; };
		0C8F35F12433670800D55F2E /* MainPageVC_1.swift in Sources */ = {isa = PBXBuildFile; fileRef = 0C8F35F02433670800D55F2E /* MainPageVC_1.swift */; };
		0C8F35F32433672C00D55F2E /* MainContainerVC.swift in Sources */ = {isa = PBXBuildFile; fileRef = 0C8F35F22433672C00D55F2E /* MainContainerVC.swift */; };
		0C8F35F72433674C00D55F2E /* SideMenuVC.swift in Sources */ = {isa = PBXBuildFile; fileRef = 0C8F35F62433674C00D55F2E /* SideMenuVC.swift */; };
/* End PBXBuildFile section */

/* Begin PBXFileReference section */
		0C16880B2474FBCE0087B51E /* MainPageVC_3.swift */ = {isa = PBXFileReference; lastKnownFileType = sourcecode.swift; path = MainPageVC_3.swift; sourceTree = "<group>"; };
		0C304DFD24750F2400F6CAEA /* MainPageVC_2.swift */ = {isa = PBXFileReference; lastKnownFileType = sourcecode.swift; path = MainPageVC_2.swift; sourceTree = "<group>"; };
		0C7113B22462F024006CC853 /* LogoutVC.swift */ = {isa = PBXFileReference; lastKnownFileType = sourcecode.swift; path = LogoutVC.swift; sourceTree = "<group>"; };
		0C8F35D9243366C500D55F2E /* ObserverSideMenu.app */ = {isa = PBXFileReference; explicitFileType = wrapper.application; includeInIndex = 0; path = ObserverSideMenu.app; sourceTree = BUILT_PRODUCTS_DIR; };
		0C8F35DC243366C500D55F2E /* AppDelegate.swift */ = {isa = PBXFileReference; lastKnownFileType = sourcecode.swift; path = AppDelegate.swift; sourceTree = "<group>"; };
		0C8F35DE243366C500D55F2E /* SceneDelegate.swift */ = {isa = PBXFileReference; lastKnownFileType = sourcecode.swift; path = SceneDelegate.swift; sourceTree = "<group>"; };
		0C8F35E3243366C500D55F2E /* Base */ = {isa = PBXFileReference; lastKnownFileType = file.storyboard; name = Base; path = Base.lproj/Main.storyboard; sourceTree = "<group>"; };
		0C8F35E5243366CA00D55F2E /* Assets.xcassets */ = {isa = PBXFileReference; lastKnownFileType = folder.assetcatalog; path = Assets.xcassets; sourceTree = "<group>"; };
		0C8F35E8243366CA00D55F2E /* Base */ = {isa = PBXFileReference; lastKnownFileType = file.storyboard; name = Base; path = Base.lproj/LaunchScreen.storyboard; sourceTree = "<group>"; };
		0C8F35EA243366CA00D55F2E /* Info.plist */ = {isa = PBXFileReference; lastKnownFileType = text.plist.xml; path = Info.plist; sourceTree = "<group>"; };
		0C8F35F02433670800D55F2E /* MainPageVC_1.swift */ = {isa = PBXFileReference; lastKnownFileType = sourcecode.swift; path = MainPageVC_1.swift; sourceTree = "<group>"; };
		0C8F35F22433672C00D55F2E /* MainContainerVC.swift */ = {isa = PBXFileReference; lastKnownFileType = sourcecode.swift; path = MainContainerVC.swift; sourceTree = "<group>"; };
		0C8F35F62433674C00D55F2E /* SideMenuVC.swift */ = {isa = PBXFileReference; lastKnownFileType = sourcecode.swift; path = SideMenuVC.swift; sourceTree = "<group>"; };
/* End PBXFileReference section */

/* Begin PBXFrameworksBuildPhase section */
		0C8F35D6243366C500D55F2E /* Frameworks */ = {
			isa = PBXFrameworksBuildPhase;
			buildActionMask = 2147483647;
			files = (
			);
			runOnlyForDeploymentPostprocessing = 0;
		};
/* End PBXFrameworksBuildPhase section */

/* Begin PBXGroup section */
		0C304DFF24756ABF00F6CAEA /* Tabbar */ = {
			isa = PBXGroup;
			children = (
				0C8F35F22433672C00D55F2E /* MainContainerVC.swift */,
				0C8F35F02433670800D55F2E /* MainPageVC_1.swift */,
				0C304DFD24750F2400F6CAEA /* MainPageVC_2.swift */,
				0C16880B2474FBCE0087B51E /* MainPageVC_3.swift */,
			);
			path = Tabbar;
			sourceTree = "<group>";
		};
		0C304E0024756AE800F6CAEA /* LogoutVC */ = {
			isa = PBXGroup;
			children = (
				0C7113B22462F024006CC853 /* LogoutVC.swift */,
			);
			path = LogoutVC;
			sourceTree = "<group>";
		};
		0C8F35D0243366C500D55F2E = {
			isa = PBXGroup;
			children = (
				0C8F35DB243366C500D55F2E /* ObserverSideMenu */,
				0C8F35DA243366C500D55F2E /* Products */,
			);
			sourceTree = "<group>";
		};
		0C8F35DA243366C500D55F2E /* Products */ = {
			isa = PBXGroup;
			children = (
				0C8F35D9243366C500D55F2E /* ObserverSideMenu.app */,
			);
			name = Products;
			sourceTree = "<group>";
		};
		0C8F35DB243366C500D55F2E /* ObserverSideMenu */ = {
			isa = PBXGroup;
			children = (
				0C304DFF24756ABF00F6CAEA /* Tabbar */,
				0C8F35F52433673C00D55F2E /* SideMenu */,
				0C304E0024756AE800F6CAEA /* LogoutVC */,
				0C8F35DC243366C500D55F2E /* AppDelegate.swift */,
				0C8F35DE243366C500D55F2E /* SceneDelegate.swift */,
				0C8F35E2243366C500D55F2E /* Main.storyboard */,
				0C8F35E5243366CA00D55F2E /* Assets.xcassets */,
				0C8F35E7243366CA00D55F2E /* LaunchScreen.storyboard */,
				0C8F35EA243366CA00D55F2E /* Info.plist */,
			);
			path = ObserverSideMenu;
			sourceTree = "<group>";
		};
		0C8F35F52433673C00D55F2E /* SideMenu */ = {
			isa = PBXGroup;
			children = (
				0C8F35F62433674C00D55F2E /* SideMenuVC.swift */,
			);
			path = SideMenu;
			sourceTree = "<group>";
		};
/* End PBXGroup section */

/* Begin PBXNativeTarget section */
		0C8F35D8243366C500D55F2E /* ObserverSideMenu */ = {
			isa = PBXNativeTarget;
			buildConfigurationList = 0C8F35ED243366CA00D55F2E /* Build configuration list for PBXNativeTarget "ObserverSideMenu" */;
			buildPhases = (
				0C8F35D5243366C500D55F2E /* Sources */,
				0C8F35D6243366C500D55F2E /* Frameworks */,
				0C8F35D7243366C500D55F2E /* Resources */,
			);
			buildRules = (
			);
			dependencies = (
			);
			name = ObserverSideMenu;
			productName = dounts;
			productReference = 0C8F35D9243366C500D55F2E /* ObserverSideMenu.app */;
			productType = "com.apple.product-type.application";
		};
/* End PBXNativeTarget section */

/* Begin PBXProject section */
		0C8F35D1243366C500D55F2E /* Project object */ = {
			isa = PBXProject;
			attributes = {
				LastSwiftUpdateCheck = 1130;
				LastUpgradeCheck = 1130;
				ORGANIZATIONNAME = change;
				TargetAttributes = {
					0C8F35D8243366C500D55F2E = {
						CreatedOnToolsVersion = 11.3.1;
					};
				};
			};
			buildConfigurationList = 0C8F35D4243366C500D55F2E /* Build configuration list for PBXProject "ObserverSideMenu" */;
			compatibilityVersion = "Xcode 11.0";
			developmentRegion = en;
			hasScannedForEncodings = 0;
			knownRegions = (
				en,
				Base,
			);
			mainGroup = 0C8F35D0243366C500D55F2E;
			productRefGroup = 0C8F35DA243366C500D55F2E /* Products */;
			projectDirPath = "";
			projectRoot = "";
			targets = (
				0C8F35D8243366C500D55F2E /* ObserverSideMenu */,
			);
		};
/* End PBXProject section */

/* Begin PBXResourcesBuildPhase section */
		0C8F35D7243366C500D55F2E /* Resources */ = {
			isa = PBXResourcesBuildPhase;
			buildActionMask = 2147483647;
			files = (
				0C8F35E9243366CA00D55F2E /* LaunchScreen.storyboard in Resources */,
				0C8F35E6243366CA00D55F2E /* Assets.xcassets in Resources */,
				0C8F35E4243366C500D55F2E /* Main.storyboard in Resources */,
			);
			runOnlyForDeploymentPostprocessing = 0;
		};
/* End PBXResourcesBuildPhase section */

/* Begin PBXSourcesBuildPhase section */
		0C8F35D5243366C500D55F2E /* Sources */ = {
			isa = PBXSourcesBuildPhase;
			buildActionMask = 2147483647;
			files = (
				0C16880C2474FBCE0087B51E /* MainPageVC_3.swift in Sources */,
				0C7113B32462F024006CC853 /* LogoutVC.swift in Sources */,
				0C304DFE24750F2400F6CAEA /* MainPageVC_2.swift in Sources */,
				0C8F35F12433670800D55F2E /* MainPageVC_1.swift in Sources */,
				0C8F35F72433674C00D55F2E /* SideMenuVC.swift in Sources */,
				0C8F35F32433672C00D55F2E /* MainContainerVC.swift in Sources */,
				0C8F35DD243366C500D55F2E /* AppDelegate.swift in Sources */,
				0C8F35DF243366C500D55F2E /* SceneDelegate.swift in Sources */,
			);
			runOnlyForDeploymentPostprocessing = 0;
		};
/* End PBXSourcesBuildPhase section */

/* Begin PBXVariantGroup section */
		0C8F35E2243366C500D55F2E /* Main.storyboard */ = {
			isa = PBXVariantGroup;
			children = (
				0C8F35E3243366C500D55F2E /* Base */,
			);
			name = Main.storyboard;
			sourceTree = "<group>";
		};
		0C8F35E7243366CA00D55F2E /* LaunchScreen.storyboard */ = {
			isa = PBXVariantGroup;
			children = (
				0C8F35E8243366CA00D55F2E /* Base */,
			);
			name = LaunchScreen.storyboard;
			sourceTree = "<group>";
		};
/* End PBXVariantGroup section */

/* Begin XCBuildConfiguration section */
		0C8F35EB243366CA00D55F2E /* Debug */ = {
			isa = XCBuildConfiguration;
			buildSettings = {
				ALWAYS_SEARCH_USER_PATHS = NO;
				CLANG_ANALYZER_NONNULL = YES;
				CLANG_ANALYZER_NUMBER_OBJECT_CONVERSION = YES_AGGRESSIVE;
				CLANG_CXX_LANGUAGE_STANDARD = "gnu++14";
				CLANG_CXX_LIBRARY = "libc++";
				CLANG_ENABLE_MODULES = YES;
				CLANG_ENABLE_OBJC_ARC = YES;
				CLANG_ENABLE_OBJC_WEAK = YES;
				CLANG_WARN_BLOCK_CAPTURE_AUTORELEASING = YES;
				CLANG_WARN_BOOL_CONVERSION = YES;
				CLANG_WARN_COMMA = YES;
				CLANG_WARN_CONSTANT_CONVERSION = YES;
				CLANG_WARN_DEPRECATED_OBJC_IMPLEMENTATIONS = YES;
				CLANG_WARN_DIRECT_OBJC_ISA_USAGE = YES_ERROR;
				CLANG_WARN_DOCUMENTATION_COMMENTS = YES;
				CLANG_WARN_EMPTY_BODY = YES;
				CLANG_WARN_ENUM_CONVERSION = YES;
				CLANG_WARN_INFINITE_RECURSION = YES;
				CLANG_WARN_INT_CONVERSION = YES;
				CLANG_WARN_NON_LITERAL_NULL_CONVERSION = YES;
				CLANG_WARN_OBJC_IMPLICIT_RETAIN_SELF = YES;
				CLANG_WARN_OBJC_LITERAL_CONVERSION = YES;
				CLANG_WARN_OBJC_ROOT_CLASS = YES_ERROR;
				CLANG_WARN_RANGE_LOOP_ANALYSIS = YES;
				CLANG_WARN_STRICT_PROTOTYPES = YES;
				CLANG_WARN_SUSPICIOUS_MOVE = YES;
				CLANG_WARN_UNGUARDED_AVAILABILITY = YES_AGGRESSIVE;
				CLANG_WARN_UNREACHABLE_CODE = YES;
				CLANG_WARN__DUPLICATE_METHOD_MATCH = YES;
				COPY_PHASE_STRIP = NO;
				DEBUG_INFORMATION_FORMAT = dwarf;
				ENABLE_STRICT_OBJC_MSGSEND = YES;
				ENABLE_TESTABILITY = YES;
				GCC_C_LANGUAGE_STANDARD = gnu11;
				GCC_DYNAMIC_NO_PIC = NO;
				GCC_NO_COMMON_BLOCKS = YES;
				GCC_OPTIMIZATION_LEVEL = 0;
				GCC_PREPROCESSOR_DEFINITIONS = (
					"DEBUG=1",
					"$(inherited)",
				);
				GCC_WARN_64_TO_32_BIT_CONVERSION = YES;
				GCC_WARN_ABOUT_RETURN_TYPE = YES_ERROR;
				GCC_WARN_UNDECLARED_SELECTOR = YES;
				GCC_WARN_UNINITIALIZED_AUTOS = YES_AGGRESSIVE;
				GCC_WARN_UNUSED_FUNCTION = YES;
				GCC_WARN_UNUSED_VARIABLE = YES;
				IPHONEOS_DEPLOYMENT_TARGET = 13.2;
				MTL_ENABLE_DEBUG_INFO = INCLUDE_SOURCE;
				MTL_FAST_MATH = YES;
				ONLY_ACTIVE_ARCH = YES;
				SDKROOT = iphoneos;
				SWIFT_ACTIVE_COMPILATION_CONDITIONS = DEBUG;
				SWIFT_OPTIMIZATION_LEVEL = "-Onone";
			};
			name = Debug;
		};
		0C8F35EC243366CA00D55F2E /* Release */ = {
			isa = XCBuildConfiguration;
			buildSettings = {
				ALWAYS_SEARCH_USER_PATHS = NO;
				CLANG_ANALYZER_NONNULL = YES;
				CLANG_ANALYZER_NUMBER_OBJECT_CONVERSION = YES_AGGRESSIVE;
				CLANG_CXX_LANGUAGE_STANDARD = "gnu++14";
				CLANG_CXX_LIBRARY = "libc++";
				CLANG_ENABLE_MODULES = YES;
				CLANG_ENABLE_OBJC_ARC = YES;
				CLANG_ENABLE_OBJC_WEAK = YES;
				CLANG_WARN_BLOCK_CAPTURE_AUTORELEASING = YES;
				CLANG_WARN_BOOL_CONVERSION = YES;
				CLANG_WARN_COMMA = YES;
				CLANG_WARN_CONSTANT_CONVERSION = YES;
				CLANG_WARN_DEPRECATED_OBJC_IMPLEMENTATIONS = YES;
				CLANG_WARN_DIRECT_OBJC_ISA_USAGE = YES_ERROR;
				CLANG_WARN_DOCUMENTATION_COMMENTS = YES;
				CLANG_WARN_EMPTY_BODY = YES;
				CLANG_WARN_ENUM_CONVERSION = YES;
				CLANG_WARN_INFINITE_RECURSION = YES;
				CLANG_WARN_INT_CONVERSION = YES;
				CLANG_WARN_NON_LITERAL_NULL_CONVERSION = YES;
				CLANG_WARN_OBJC_IMPLICIT_RETAIN_SELF = YES;
				CLANG_WARN_OBJC_LITERAL_CONVERSION = YES;
				CLANG_WARN_OBJC_ROOT_CLASS = YES_ERROR;
				CLANG_WARN_RANGE_LOOP_ANALYSIS = YES;
				CLANG_WARN_STRICT_PROTOTYPES = YES;
				CLANG_WARN_SUSPICIOUS_MOVE = YES;
				CLANG_WARN_UNGUARDED_AVAILABILITY = YES_AGGRESSIVE;
				CLANG_WARN_UNREACHABLE_CODE = YES;
				CLANG_WARN__DUPLICATE_METHOD_MATCH = YES;
				COPY_PHASE_STRIP = NO;
				DEBUG_INFORMATION_FORMAT = "dwarf-with-dsym";
				ENABLE_NS_ASSERTIONS = NO;
				ENABLE_STRICT_OBJC_MSGSEND = YES;
				GCC_C_LANGUAGE_STANDARD = gnu11;
				GCC_NO_COMMON_BLOCKS = YES;
				GCC_WARN_64_TO_32_BIT_CONVERSION = YES;
				GCC_WARN_ABOUT_RETURN_TYPE = YES_ERROR;
				GCC_WARN_UNDECLARED_SELECTOR = YES;
				GCC_WARN_UNINITIALIZED_AUTOS = YES_AGGRESSIVE;
				GCC_WARN_UNUSED_FUNCTION = YES;
				GCC_WARN_UNUSED_VARIABLE = YES;
				IPHONEOS_DEPLOYMENT_TARGET = 13.2;
				MTL_ENABLE_DEBUG_INFO = NO;
				MTL_FAST_MATH = YES;
				SDKROOT = iphoneos;
				SWIFT_COMPILATION_MODE = wholemodule;
				SWIFT_OPTIMIZATION_LEVEL = "-O";
				VALIDATE_PRODUCT = YES;
			};
			name = Release;
		};
		0C8F35EE243366CA00D55F2E /* Debug */ = {
			isa = XCBuildConfiguration;
			buildSettings = {
				ASSETCATALOG_COMPILER_APPICON_NAME = AppIcon;
				CODE_SIGN_STYLE = Automatic;
				DEVELOPMENT_TEAM = 89RP88B8ZT;
				INFOPLIST_FILE = "$(SRCROOT)/ObserverSideMenu/Info.plist";
				LD_RUNPATH_SEARCH_PATHS = (
					"$(inherited)",
					"@executable_path/Frameworks",
				);
				PRODUCT_BUNDLE_IDENTIFIER = com.jack.ObserverSideMenu;
				PRODUCT_NAME = ObserverSideMenu;
				SWIFT_VERSION = 5.0;
				TARGETED_DEVICE_FAMILY = "1,2";
			};
			name = Debug;
		};
		0C8F35EF243366CA00D55F2E /* Release */ = {
			isa = XCBuildConfiguration;
			buildSettings = {
				ASSETCATALOG_COMPILER_APPICON_NAME = AppIcon;
				CODE_SIGN_STYLE = Automatic;
				DEVELOPMENT_TEAM = 89RP88B8ZT;
				INFOPLIST_FILE = "$(SRCROOT)/ObserverSideMenu/Info.plist";
				LD_RUNPATH_SEARCH_PATHS = (
					"$(inherited)",
					"@executable_path/Frameworks",
				);
				PRODUCT_BUNDLE_IDENTIFIER = com.jack.ObserverSideMenu;
				PRODUCT_NAME = ObserverSideMenu;
				SWIFT_VERSION = 5.0;
				TARGETED_DEVICE_FAMILY = "1,2";
			};
			name = Release;
		};
/* End XCBuildConfiguration section */

/* Begin XCConfigurationList section */
		0C8F35D4243366C500D55F2E /* Build configuration list for PBXProject "ObserverSideMenu" */ = {
			isa = XCConfigurationList;
			buildConfigurations = (
				0C8F35EB243366CA00D55F2E /* Debug */,
				0C8F35EC243366CA00D55F2E /* Release */,
			);
			defaultConfigurationIsVisible = 0;
			defaultConfigurationName = Release;
		};
		0C8F35ED243366CA00D55F2E /* Build configuration list for PBXNativeTarget "ObserverSideMenu" */ = {
			isa = XCConfigurationList;
			buildConfigurations = (
				0C8F35EE243366CA00D55F2E /* Debug */,
				0C8F35EF243366CA00D55F2E /* Release */,
			);
			defaultConfigurationIsVisible = 0;
			defaultConfigurationName = Release;
		};
/* End XCConfigurationList section */
	};
	rootObject = 0C8F35D1243366C500D55F2E /* Project object */;
}
